
Microsoft Visual Studio Solution File, Format Version 12.00
# Visual Studio Version 17
VisualStudioVersion = 17.4.33403.182
MinimumVisualStudioVersion = 10.0.40219.1
Project("{FAE04EC0-301F-11D3-BF4B-00C04F79EFBC}") = "NewVillaAPI", "NewVillaAPI\NewVillaAPI.csproj", "{1A105C75-6D56-47DC-92C5-716E88CB0674}"
EndProject
Global
	GlobalSection(SolutionConfigurationPlatforms) = preSolution
		Debug|Any CPU = Debug|Any CPU
		Release|Any CPU = Release|Any CPU
	EndGlobalSection
	GlobalSection(ProjectConfigurationPlatforms) = postSolution
		{1A105C75-6D56-47DC-92C5-716E88CB0674}.Debug|Any CPU.ActiveCfg = Debug|Any CPU
		{1A105C75-6D56-47DC-92C5-716E88CB0674}.Debug|Any CPU.Build.0 = Debug|Any CPU
		{1A105C75-6D56-47DC-92C5-716E88CB0674}.Release|Any CPU.ActiveCfg = Release|Any CPU
		{1A105C75-6D56-47DC-92C5-716E88CB0674}.Release|Any CPU.Build.0 = Release|Any CPU
	EndGlobalSection
	GlobalSection(SolutionProperties) = preSolution
		HideSolutionNode = FALSE
	EndGlobalSection
	GlobalSection(ExtensibilityGlobals) = postSolution
		SolutionGuid = {0165A3BE-CDA3-4311-BD5F-3A3A9297F56F}
	EndGlobalSection
EndGlobal
